// !$*UTF8*$!
{
	archiveVersion = 1;
	classes = {
	};
	objectVersion = 46;
	objects = {

/* Begin PBXBuildFile section */
		5219CD4D15046E1F00E9A541 /* AppDelegate.m in Sources */ = {isa = PBXBuildFile; fileRef = 52C7F00915046DCB005C3A50 /* AppDelegate.m */; };
		5219CD4E15046E1F00E9A541 /* main.m in Sources */ = {isa = PBXBuildFile; fileRef = 52C7F00F15046DCB005C3A50 /* main.m */; };
		5219CD4F15046E1F00E9A541 /* ViewController.m in Sources */ = {isa = PBXBuildFile; fileRef = 52C7F01715046DCB005C3A50 /* ViewController.m */; };
		522FD363150444430084E846 /* UIKit.framework in Frameworks */ = {isa = PBXBuildFile; fileRef = 522FD362150444430084E846 /* UIKit.framework */; };
		522FD365150444430084E846 /* Foundation.framework in Frameworks */ = {isa = PBXBuildFile; fileRef = 522FD364150444430084E846 /* Foundation.framework */; };
		522FD367150444430084E846 /* CoreGraphics.framework in Frameworks */ = {isa = PBXBuildFile; fileRef = 522FD366150444430084E846 /* CoreGraphics.framework */; };
		522FD38A150444A80084E846 /* OpenGLES.framework in Frameworks */ = {isa = PBXBuildFile; fileRef = 522FD388150444A80084E846 /* OpenGLES.framework */; };
		522FD38B150444A80084E846 /* QuartzCore.framework in Frameworks */ = {isa = PBXBuildFile; fileRef = 522FD389150444A80084E846 /* QuartzCore.framework */; };
/* End PBXBuildFile section */

/* Begin PBXFileReference section */
		522FD35E150444430084E846 /* TestAnimate.app */ = {isa = PBXFileReference; explicitFileType = wrapper.application; includeInIndex = 0; path = TestAnimate.app; sourceTree = BUILT_PRODUCTS_DIR; };
		522FD362150444430084E846 /* UIKit.framework */ = {isa = PBXFileReference; lastKnownFileType = wrapper.framework; name = UIKit.framework; path = System/Library/Frameworks/UIKit.framework; sourceTree = SDKROOT; };
		522FD364150444430084E846 /* Foundation.framework */ = {isa = PBXFileReference; lastKnownFileType = wrapper.framework; name = Foundation.framework; path = System/Library/Frameworks/Foundation.framework; sourceTree = SDKROOT; };
		522FD366150444430084E846 /* CoreGraphics.framework */ = {isa = PBXFileReference; lastKnownFileType = wrapper.framework; name = CoreGraphics.framework; path = System/Library/Frameworks/CoreGraphics.framework; sourceTree = SDKROOT; };
		522FD388150444A80084E846 /* OpenGLES.framework */ = {isa = PBXFileReference; lastKnownFileType = wrapper.framework; name = OpenGLES.framework; path = System/Library/Frameworks/OpenGLES.framework; sourceTree = SDKROOT; };
		522FD389150444A80084E846 /* QuartzCore.framework */ = {isa = PBXFileReference; lastKnownFileType = wrapper.framework; name = QuartzCore.framework; path = System/Library/Frameworks/QuartzCore.framework; sourceTree = SDKROOT; };
		52C7F00815046DCB005C3A50 /* AppDelegate.h */ = {isa = PBXFileReference; lastKnownFileType = sourcecode.c.h; name = AppDelegate.h; path = TestAnimate/AppDelegate.h; sourceTree = SOURCE_ROOT; };
		52C7F00915046DCB005C3A50 /* AppDelegate.m */ = {isa = PBXFileReference; lastKnownFileType = sourcecode.c.objc; name = AppDelegate.m; path = TestAnimate/AppDelegate.m; sourceTree = SOURCE_ROOT; };
		52C7F00C15046DCB005C3A50 /* en */ = {isa = PBXFileReference; lastKnownFileType = text.plist.strings; name = en; path = InfoPlist.strings; sourceTree = "<group>"; };
		52C7F00E15046DCB005C3A50 /* en */ = {isa = PBXFileReference; lastKnownFileType = file.xib; name = en; path = ViewController.xib; sourceTree = "<group>"; };
		52C7F00F15046DCB005C3A50 /* main.m */ = {isa = PBXFileReference; lastKnownFileType = sourcecode.c.objc; name = main.m; path = TestAnimate/main.m; sourceTree = SOURCE_ROOT; };
		52C7F01015046DCB005C3A50 /* one.png */ = {isa = PBXFileReference; lastKnownFileType = image.png; name = one.png; path = TestAnimate/one.png; sourceTree = SOURCE_ROOT; };
		52C7F01115046DCB005C3A50 /* one@2x.png */ = {isa = PBXFileReference; lastKnownFileType = image.png; name = "one@2x.png"; path = "TestAnimate/one@2x.png"; sourceTree = SOURCE_ROOT; };
		52C7F01215046DCB005C3A50 /* TestAnimate-Info.plist */ = {isa = PBXFileReference; lastKnownFileType = text.plist.xml; name = "TestAnimate-Info.plist"; path = "TestAnimate/TestAnimate-Info.plist"; sourceTree = SOURCE_ROOT; };
		52C7F01315046DCB005C3A50 /* TestAnimate-Prefix.pch */ = {isa = PBXFileReference; lastKnownFileType = sourcecode.c.h; name = "TestAnimate-Prefix.pch"; path = "TestAnimate/TestAnimate-Prefix.pch"; sourceTree = SOURCE_ROOT; };
		52C7F01415046DCB005C3A50 /* two.png */ = {isa = PBXFileReference; lastKnownFileType = image.png; name = two.png; path = TestAnimate/two.png; sourceTree = SOURCE_ROOT; };
		52C7F01515046DCB005C3A50 /* two@2x.png */ = {isa = PBXFileReference; lastKnownFileType = image.png; name = "two@2x.png"; path = "TestAnimate/two@2x.png"; sourceTree = SOURCE_ROOT; };
		52C7F01615046DCB005C3A50 /* ViewController.h */ = {isa = PBXFileReference; lastKnownFileType = sourcecode.c.h; name = ViewController.h; path = TestAnimate/ViewController.h; sourceTree = SOURCE_ROOT; };
		52C7F01715046DCB005C3A50 /* ViewController.m */ = {isa = PBXFileReference; lastKnownFileType = sourcecode.c.objc; name = ViewController.m; path = TestAnimate/ViewController.m; sourceTree = SOURCE_ROOT; };
/* End PBXFileReference section */

/* Begin PBXFrameworksBuildPhase section */
		522FD35B150444430084E846 /* Frameworks */ = {
			isa = PBXFrameworksBuildPhase;
			buildActionMask = 2147483647;
			files = (
				522FD38A150444A80084E846 /* OpenGLES.framework in Frameworks */,
				522FD38B150444A80084E846 /* QuartzCore.framework in Frameworks */,
				522FD367150444430084E846 /* CoreGraphics.framework in Frameworks */,
				522FD363150444430084E846 /* UIKit.framework in Frameworks */,
				522FD365150444430084E846 /* Foundation.framework in Frameworks */,
			);
			runOnlyForDeploymentPostprocessing = 0;
		};
/* End PBXFrameworksBuildPhase section */

/* Begin PBXGroup section */
		522FD353150444430084E846 = {
			isa = PBXGroup;
			children = (
				522FD388150444A80084E846 /* OpenGLES.framework */,
				522FD389150444A80084E846 /* QuartzCore.framework */,
				522FD368150444430084E846 /* TestAnimate */,
				522FD361150444430084E846 /* Frameworks */,
				522FD35F150444430084E846 /* Products */,
			);
			sourceTree = "<group>";
		};
		522FD35F150444430084E846 /* Products */ = {
			isa = PBXGroup;
			children = (
				522FD35E150444430084E846 /* TestAnimate.app */,
			);
			name = Products;
			sourceTree = "<group>";
		};
		522FD361150444430084E846 /* Frameworks */ = {
			isa = PBXGroup;
			children = (
				522FD362150444430084E846 /* UIKit.framework */,
				522FD364150444430084E846 /* Foundation.framework */,
				522FD366150444430084E846 /* CoreGraphics.framework */,
			);
			name = Frameworks;
			sourceTree = "<group>";
		};
		522FD368150444430084E846 /* TestAnimate */ = {
			isa = PBXGroup;
			children = (
				52C7F00815046DCB005C3A50 /* AppDelegate.h */,
				52C7F00915046DCB005C3A50 /* AppDelegate.m */,
				52C7F00A15046DCB005C3A50 /* en.lproj */,
				52C7F00F15046DCB005C3A50 /* main.m */,
				52C7F01015046DCB005C3A50 /* one.png */,
				52C7F01115046DCB005C3A50 /* one@2x.png */,
				52C7F01215046DCB005C3A50 /* TestAnimate-Info.plist */,
				52C7F01315046DCB005C3A50 /* TestAnimate-Prefix.pch */,
				52C7F01415046DCB005C3A50 /* two.png */,
				52C7F01515046DCB005C3A50 /* two@2x.png */,
				52C7F01615046DCB005C3A50 /* ViewController.h */,
				52C7F01715046DCB005C3A50 /* ViewController.m */,
			);
			name = TestAnimate;
			path = /Users/john/Code/TestAnimate/TestAnimate;
			sourceTree = "<absolute>";
		};
		52C7F00A15046DCB005C3A50 /* en.lproj */ = {
			isa = PBXGroup;
			children = (
				52C7F00B15046DCB005C3A50 /* InfoPlist.strings */,
				52C7F00D15046DCB005C3A50 /* ViewController.xib */,
			);
			name = en.lproj;
			path = TestAnimate/en.lproj;
			sourceTree = SOURCE_ROOT;
		};
/* End PBXGroup section */

/* Begin PBXNativeTarget section */
		522FD35D150444430084E846 /* TestAnimate */ = {
			isa = PBXNativeTarget;
			buildConfigurationList = 522FD37C150444430084E846 /* Build configuration list for PBXNativeTarget "TestAnimate" */;
			buildPhases = (
				522FD35A150444430084E846 /* Sources */,
				522FD35B150444430084E846 /* Frameworks */,
				522FD35C150444430084E846 /* Resources */,
			);
			buildRules = (
			);
			dependencies = (
			);
			name = TestAnimate;
			productName = TestAnimate;
			productReference = 522FD35E150444430084E846 /* TestAnimate.app */;
			productType = "com.apple.product-type.application";
		};
/* End PBXNativeTarget section */

/* Begin PBXProject section */
		522FD355150444430084E846 /* Project object */ = {
			isa = PBXProject;
			attributes = {
				LastUpgradeCheck = 0430;
			};
			buildConfigurationList = 522FD358150444430084E846 /* Build configuration list for PBXProject "TestAnimate" */;
			compatibilityVersion = "Xcode 3.2";
			developmentRegion = English;
			hasScannedForEncodings = 0;
			knownRegions = (
				en,
			);
			mainGroup = 522FD353150444430084E846;
			productRefGroup = 522FD35F150444430084E846 /* Products */;
			projectDirPath = "";
			projectRoot = "";
			targets = (
				522FD35D150444430084E846 /* TestAnimate */,
			);
		};
/* End PBXProject section */

/* Begin PBXResourcesBuildPhase section */
		522FD35C150444430084E846 /* Resources */ = {
			isa = PBXResourcesBuildPhase;
			buildActionMask = 2147483647;
			files = (
			);
			runOnlyForDeploymentPostprocessing = 0;
		};
/* End PBXResourcesBuildPhase section */

/* Begin PBXSourcesBuildPhase section */
		522FD35A150444430084E846 /* Sources */ = {
			isa = PBXSourcesBuildPhase;
			buildActionMask = 2147483647;
			files = (
				5219CD4D15046E1F00E9A541 /* AppDelegate.m in Sources */,
				5219CD4E15046E1F00E9A541 /* main.m in Sources */,
				5219CD4F15046E1F00E9A541 /* ViewController.m in Sources */,
			);
			runOnlyForDeploymentPostprocessing = 0;
		};
/* End PBXSourcesBuildPhase section */

/* Begin PBXVariantGroup section */
		52C7F00B15046DCB005C3A50 /* InfoPlist.strings */ = {
			isa = PBXVariantGroup;
			children = (
				52C7F00C15046DCB005C3A50 /* en */,
			);
			name = InfoPlist.strings;
			sourceTree = "<group>";
		};
		52C7F00D15046DCB005C3A50 /* ViewController.xib */ = {
			isa = PBXVariantGroup;
			children = (
				52C7F00E15046DCB005C3A50 /* en */,
			);
			name = ViewController.xib;
			sourceTree = "<group>";
		};
/* End PBXVariantGroup section */

/* Begin XCBuildConfiguration section */
		522FD37A150444430084E846 /* Debug */ = {
			isa = XCBuildConfiguration;
			buildSettings = {
				ALWAYS_SEARCH_USER_PATHS = NO;
				ARCHS = "$(ARCHS_STANDARD_32_BIT)";
				"CODE_SIGN_IDENTITY[sdk=iphoneos*]" = "iPhone Developer";
				COPY_PHASE_STRIP = NO;
				GCC_C_LANGUAGE_STANDARD = gnu99;
				GCC_DYNAMIC_NO_PIC = NO;
				GCC_OPTIMIZATION_LEVEL = 0;
				GCC_PREPROCESSOR_DEFINITIONS = (
					"DEBUG=1",
					"$(inherited)",
				);
				GCC_SYMBOLS_PRIVATE_EXTERN = NO;
				GCC_VERSION = com.apple.compilers.llvm.clang.1_0;
				GCC_WARN_ABOUT_RETURN_TYPE = YES;
				GCC_WARN_UNINITIALIZED_AUTOS = YES;
				GCC_WARN_UNUSED_VARIABLE = YES;
				IPHONEOS_DEPLOYMENT_TARGET = 5.0;
				SDKROOT = iphoneos;
			};
			name = Debug;
		};
		522FD37B150444430084E846 /* Release */ = {
			isa = XCBuildConfiguration;
			buildSettings = {
				ALWAYS_SEARCH_USER_PATHS = NO;
				ARCHS = "$(ARCHS_STANDARD_32_BIT)";
				"CODE_SIGN_IDENTITY[sdk=iphoneos*]" = "iPhone Developer";
				COPY_PHASE_STRIP = YES;
				GCC_C_LANGUAGE_STANDARD = gnu99;
				GCC_VERSION = com.apple.compilers.llvm.clang.1_0;
				GCC_WARN_ABOUT_RETURN_TYPE = YES;
				GCC_WARN_UNINITIALIZED_AUTOS = YES;
				GCC_WARN_UNUSED_VARIABLE = YES;
				IPHONEOS_DEPLOYMENT_TARGET = 5.0;
				OTHER_CFLAGS = "-DNS_BLOCK_ASSERTIONS=1";
				SDKROOT = iphoneos;
				VALIDATE_PRODUCT = YES;
			};
			name = Release;
		};
		522FD37D150444430084E846 /* Debug */ = {
			isa = XCBuildConfiguration;
			buildSettings = {
				GCC_PRECOMPILE_PREFIX_HEADER = YES;
				GCC_PREFIX_HEADER = "TestAnimate/TestAnimate-Prefix.pch";
				INFOPLIST_FILE = "TestAnimate/TestAnimate-Info.plist";
				PRODUCT_NAME = "$(TARGET_NAME)";
				WRAPPER_EXTENSION = app;
			};
			name = Debug;
		};
		522FD37E150444430084E846 /* Release */ = {
			isa = XCBuildConfiguration;
			buildSettings = {
				GCC_PRECOMPILE_PREFIX_HEADER = YES;
				GCC_PREFIX_HEADER = "TestAnimate/TestAnimate-Prefix.pch";
				INFOPLIST_FILE = "TestAnimate/TestAnimate-Info.plist";
				PRODUCT_NAME = "$(TARGET_NAME)";
				WRAPPER_EXTENSION = app;
			};
			name = Release;
		};
/* End XCBuildConfiguration section */

/* Begin XCConfigurationList section */
		522FD358150444430084E846 /* Build configuration list for PBXProject "TestAnimate" */ = {
			isa = XCConfigurationList;
			buildConfigurations = (
				522FD37A150444430084E846 /* Debug */,
				522FD37B150444430084E846 /* Release */,
			);
			defaultConfigurationIsVisible = 0;
			defaultConfigurationName = Release;
		};
		522FD37C150444430084E846 /* Build configuration list for PBXNativeTarget "TestAnimate" */ = {
			isa = XCConfigurationList;
			buildConfigurations = (
				522FD37D150444430084E846 /* Debug */,
				522FD37E150444430084E846 /* Release */,
			);
			defaultConfigurationIsVisible = 0;
			defaultConfigurationName = Release;
		};
/* End XCConfigurationList section */
	};
	rootObject = 522FD355150444430084E846 /* Project object */;
}
